
Microsoft Visual Studio Solution File, Format Version 12.00
Project("{FAE04EC0-301F-11D3-BF4B-00C04F79EFBC}") = "Synacor", "Synacor\Synacor.csproj", "{5BBAF9C9-E98F-4EEC-BBF0-6EB2E46F6490}"
EndProject
Project("{FAE04EC0-301F-11D3-BF4B-00C04F79EFBC}") = "Synacor.CLI", "Synacor.CLI\Synacor.CLI.csproj", "{A896FBB5-886E-4549-8310-2899516209D4}"
EndProject
Project("{2150E333-8FDC-42A3-9474-1A3956D46DE8}") = "GitHub Actions", "GitHub Actions", "{2376E251-0999-4B3C-8AC0-13776391A13F}"
	ProjectSection(SolutionItems) = preProject
		.github\workflows\dotnet-build.yml = .github\workflows\dotnet-build.yml
		.github\workflows\publish.yml = .github\workflows\publish.yml
	EndProjectSection
EndProject
Project("{2150E333-8FDC-42A3-9474-1A3956D46DE8}") = "Challenge", "Challenge", "{218A1957-3561-40E0-BDD0-20EFAC023C81}"
	ProjectSection(SolutionItems) = preProject
		Challenge\Requirements.md = Challenge\Requirements.md
		Challenge\hashes.txt = Challenge\hashes.txt
	EndProjectSection
EndProject
Global
	GlobalSection(SolutionConfigurationPlatforms) = preSolution
		Release|x64 = Release|x64
		Debug|x64 = Debug|x64
	EndGlobalSection
	GlobalSection(ProjectConfigurationPlatforms) = postSolution
		{5BBAF9C9-E98F-4EEC-BBF0-6EB2E46F6490}.Release|x64.ActiveCfg = Release|x64
		{5BBAF9C9-E98F-4EEC-BBF0-6EB2E46F6490}.Release|x64.Build.0 = Release|x64
		{5BBAF9C9-E98F-4EEC-BBF0-6EB2E46F6490}.Debug|x64.ActiveCfg = Debug|x64
		{5BBAF9C9-E98F-4EEC-BBF0-6EB2E46F6490}.Debug|x64.Build.0 = Debug|x64
		{A896FBB5-886E-4549-8310-2899516209D4}.Release|x64.ActiveCfg = Release|x64
		{A896FBB5-886E-4549-8310-2899516209D4}.Release|x64.Build.0 = Release|x64
		{A896FBB5-886E-4549-8310-2899516209D4}.Debug|x64.ActiveCfg = Debug|x64
		{A896FBB5-886E-4549-8310-2899516209D4}.Debug|x64.Build.0 = Debug|x64
	EndGlobalSection
EndGlobal
